
Microsoft Visual Studio Solution File, Format Version 12.00
# Visual Studio Version 16
VisualStudioVersion = 16.0.30406.217
MinimumVisualStudioVersion = 10.0.40219.1
Project("{FAE04EC0-301F-11D3-BF4B-00C04F79EFBC}") = "Assignment1_Calculator", "Assignment1_Calculator.csproj", "{A893F187-C519-4680-801A-45C442649270}"
EndProject
Global
	GlobalSection(SolutionConfigurationPlatforms) = preSolution
		Debug|Any CPU = Debug|Any CPU
		Release|Any CPU = Release|Any CPU
	EndGlobalSection
	GlobalSection(ProjectConfigurationPlatforms) = postSolution
		{A893F187-C519-4680-801A-45C442649270}.Debug|Any CPU.ActiveCfg = Debug|Any CPU
		{A893F187-C519-4680-801A-45C442649270}.Debug|Any CPU.Build.0 = Debug|Any CPU
		{A893F187-C519-4680-801A-45C442649270}.Release|Any CPU.ActiveCfg = Release|Any CPU
		{A893F187-C519-4680-801A-45C442649270}.Release|Any CPU.Build.0 = Release|Any CPU
	EndGlobalSection
	GlobalSection(SolutionProperties) = preSolution
		HideSolutionNode = FALSE
	EndGlobalSection
	GlobalSection(ExtensibilityGlobals) = postSolution
		SolutionGuid = {B6A5C736-C24B-4613-ABC6-0689F9248268}
	EndGlobalSection
EndGlobal
